
Microsoft Visual Studio Solution File, Format Version 12.00
# Visual Studio Version 17
VisualStudioVersion = 17.4.33213.308
MinimumVisualStudioVersion = 10.0.40219.1
Project("{FAE04EC0-301F-11D3-BF4B-00C04F79EFBC}") = "TestWindowsForms", "TestWindowsForms\TestWindowsForms.csproj", "{D891E232-B016-4593-AE69-B5E95A5031B6}"
EndProject
Global
	GlobalSection(SolutionConfigurationPlatforms) = preSolution
		Debug|Any CPU = Debug|Any CPU
		Release|Any CPU = Release|Any CPU
	EndGlobalSection
	GlobalSection(ProjectConfigurationPlatforms) = postSolution
		{D891E232-B016-4593-AE69-B5E95A5031B6}.Debug|Any CPU.ActiveCfg = Debug|Any CPU
		{D891E232-B016-4593-AE69-B5E95A5031B6}.Debug|Any CPU.Build.0 = Debug|Any CPU
		{D891E232-B016-4593-AE69-B5E95A5031B6}.Release|Any CPU.ActiveCfg = Release|Any CPU
		{D891E232-B016-4593-AE69-B5E95A5031B6}.Release|Any CPU.Build.0 = Release|Any CPU
	EndGlobalSection
	GlobalSection(SolutionProperties) = preSolution
		HideSolutionNode = FALSE
	EndGlobalSection
	GlobalSection(ExtensibilityGlobals) = postSolution
		SolutionGuid = {0507242B-ED5D-43D7-803F-C74771371D85}
	EndGlobalSection
EndGlobal
